{
  "requires": true,
  "lockfileVersion": 1,
  "dependencies": {
    "nouislider": {
      "version": "13.1.3",
      "resolved": "https://registry.npmjs.org/nouislider/-/nouislider-13.1.3.tgz",
      "integrity": "sha512-Cm8S7TeS4LdNuREujVvZTpjNb7ARA3p20iHHUrHwErDxhAUflmNT03dIygWW2gqhDz9mVBrLdR3XaouzGhJi0w=="
    }
  }
}
